// !$*UTF8*$!
{
	archiveVersion = 1;
	classes = {
	};
	objectVersion = 50;
	objects = {

/* Begin PBXBuildFile section */
		0392A91DACC578CCC6CA66D4 /* Pods_SwiftMapKitFlickerStarter.framework in Frameworks */ = {isa = PBXBuildFile; fileRef = D5C87A156A51ED791EF7641B /* Pods_SwiftMapKitFlickerStarter.framework */; };
		FA25E22821F5A38B0047732D /* AppDelegate.swift in Sources */ = {isa = PBXBuildFile; fileRef = FA25E22721F5A38B0047732D /* AppDelegate.swift */; };
		FA25E22A21F5A38B0047732D /* MainMapVC.swift in Sources */ = {isa = PBXBuildFile; fileRef = FA25E22921F5A38B0047732D /* MainMapVC.swift */; };
		FA25E22D21F5A38B0047732D /* Main.storyboard in Resources */ = {isa = PBXBuildFile; fileRef = FA25E22B21F5A38B0047732D /* Main.storyboard */; };
		FA25E22F21F5A38D0047732D /* Assets.xcassets in Resources */ = {isa = PBXBuildFile; fileRef = FA25E22E21F5A38D0047732D /* Assets.xcassets */; };
		FA25E23221F5A38D0047732D /* LaunchScreen.storyboard in Resources */ = {isa = PBXBuildFile; fileRef = FA25E23021F5A38D0047732D /* LaunchScreen.storyboard */; };
		FA25E23D21F5D5D30047732D /* DroppablePin.swift in Sources */ = {isa = PBXBuildFile; fileRef = FA25E23C21F5D5D30047732D /* DroppablePin.swift */; };
/* End PBXBuildFile section */

/* Begin PBXFileReference section */
		3CA18EE7167C71A89AA0C824 /* Pods-SwiftMapKitFlickerStarter.debug.xcconfig */ = {isa = PBXFileReference; includeInIndex = 1; lastKnownFileType = text.xcconfig; name = "Pods-SwiftMapKitFlickerStarter.debug.xcconfig"; path = "Pods/Target Support Files/Pods-SwiftMapKitFlickerStarter/Pods-SwiftMapKitFlickerStarter.debug.xcconfig"; sourceTree = "<group>"; };
		CC5AEB9E4B58BC767B4A05D5 /* Pods-SwiftMapKitFlickerStarter.release.xcconfig */ = {isa = PBXFileReference; includeInIndex = 1; lastKnownFileType = text.xcconfig; name = "Pods-SwiftMapKitFlickerStarter.release.xcconfig"; path = "Pods/Target Support Files/Pods-SwiftMapKitFlickerStarter/Pods-SwiftMapKitFlickerStarter.release.xcconfig"; sourceTree = "<group>"; };
		D5C87A156A51ED791EF7641B /* Pods_SwiftMapKitFlickerStarter.framework */ = {isa = PBXFileReference; explicitFileType = wrapper.framework; includeInIndex = 0; path = Pods_SwiftMapKitFlickerStarter.framework; sourceTree = BUILT_PRODUCTS_DIR; };
		FA25E22421F5A38B0047732D /* SwiftMapKitFlickerStarter.app */ = {isa = PBXFileReference; explicitFileType = wrapper.application; includeInIndex = 0; path = SwiftMapKitFlickerStarter.app; sourceTree = BUILT_PRODUCTS_DIR; };
		FA25E22721F5A38B0047732D /* AppDelegate.swift */ = {isa = PBXFileReference; lastKnownFileType = sourcecode.swift; path = AppDelegate.swift; sourceTree = "<group>"; };
		FA25E22921F5A38B0047732D /* MainMapVC.swift */ = {isa = PBXFileReference; lastKnownFileType = sourcecode.swift; path = MainMapVC.swift; sourceTree = "<group>"; };
		FA25E22C21F5A38B0047732D /* Base */ = {isa = PBXFileReference; lastKnownFileType = file.storyboard; name = Base; path = Base.lproj/Main.storyboard; sourceTree = "<group>"; };
		FA25E22E21F5A38D0047732D /* Assets.xcassets */ = {isa = PBXFileReference; lastKnownFileType = folder.assetcatalog; path = Assets.xcassets; sourceTree = "<group>"; };
		FA25E23121F5A38D0047732D /* Base */ = {isa = PBXFileReference; lastKnownFileType = file.storyboard; name = Base; path = Base.lproj/LaunchScreen.storyboard; sourceTree = "<group>"; };
		FA25E23321F5A38D0047732D /* Info.plist */ = {isa = PBXFileReference; lastKnownFileType = text.plist.xml; path = Info.plist; sourceTree = "<group>"; };
		FA25E23C21F5D5D30047732D /* DroppablePin.swift */ = {isa = PBXFileReference; lastKnownFileType = sourcecode.swift; path = DroppablePin.swift; sourceTree = "<group>"; };
/* End PBXFileReference section */

/* Begin PBXFrameworksBuildPhase section */
		FA25E22121F5A38B0047732D /* Frameworks */ = {
			isa = PBXFrameworksBuildPhase;
			buildActionMask = 2147483647;
			files = (
				0392A91DACC578CCC6CA66D4 /* Pods_SwiftMapKitFlickerStarter.framework in Frameworks */,
			);
			runOnlyForDeploymentPostprocessing = 0;
		};
/* End PBXFrameworksBuildPhase section */

/* Begin PBXGroup section */
		3EC097F8D7670D88CD492565 /* Frameworks */ = {
			isa = PBXGroup;
			children = (
				D5C87A156A51ED791EF7641B /* Pods_SwiftMapKitFlickerStarter.framework */,
			);
			name = Frameworks;
			sourceTree = "<group>";
		};
		8DD1863F2D273A8E993899DB /* Pods */ = {
			isa = PBXGroup;
			children = (
				3CA18EE7167C71A89AA0C824 /* Pods-SwiftMapKitFlickerStarter.debug.xcconfig */,
				CC5AEB9E4B58BC767B4A05D5 /* Pods-SwiftMapKitFlickerStarter.release.xcconfig */,
			);
			name = Pods;
			sourceTree = "<group>";
		};
		FA25E21B21F5A38B0047732D = {
			isa = PBXGroup;
			children = (
				FA25E22621F5A38B0047732D /* SwiftMapKitFlickerStarter */,
				FA25E22521F5A38B0047732D /* Products */,
				8DD1863F2D273A8E993899DB /* Pods */,
				3EC097F8D7670D88CD492565 /* Frameworks */,
			);
			sourceTree = "<group>";
		};
		FA25E22521F5A38B0047732D /* Products */ = {
			isa = PBXGroup;
			children = (
				FA25E22421F5A38B0047732D /* SwiftMapKitFlickerStarter.app */,
			);
			name = Products;
			sourceTree = "<group>";
		};
		FA25E22621F5A38B0047732D /* SwiftMapKitFlickerStarter */ = {
			isa = PBXGroup;
			children = (
				FA25E23B21F5D5C70047732D /* View */,
				FA25E23921F5AE130047732D /* Controllers */,
				FA25E22721F5A38B0047732D /* AppDelegate.swift */,
				FA25E22B21F5A38B0047732D /* Main.storyboard */,
				FA25E22E21F5A38D0047732D /* Assets.xcassets */,
				FA25E23021F5A38D0047732D /* LaunchScreen.storyboard */,
				FA25E23321F5A38D0047732D /* Info.plist */,
			);
			path = SwiftMapKitFlickerStarter;
			sourceTree = "<group>";
		};
		FA25E23921F5AE130047732D /* Controllers */ = {
			isa = PBXGroup;
			children = (
				FA25E22921F5A38B0047732D /* MainMapVC.swift */,
			);
			path = Controllers;
			sourceTree = "<group>";
		};
		FA25E23B21F5D5C70047732D /* View */ = {
			isa = PBXGroup;
			children = (
				FA25E23C21F5D5D30047732D /* DroppablePin.swift */,
			);
			path = View;
			sourceTree = "<group>";
		};
/* End PBXGroup section */

/* Begin PBXNativeTarget section */
		FA25E22321F5A38B0047732D /* SwiftMapKitFlickerStarter */ = {
			isa = PBXNativeTarget;
			buildConfigurationList = FA25E23621F5A38D0047732D /* Build configuration list for PBXNativeTarget "SwiftMapKitFlickerStarter" */;
			buildPhases = (
				09F45014A130B1CCC07D4CE8 /* [CP] Check Pods Manifest.lock */,
				FA25E22021F5A38B0047732D /* Sources */,
				FA25E22121F5A38B0047732D /* Frameworks */,
				FA25E22221F5A38B0047732D /* Resources */,
				23A21B13B28DEB3FA25B9DC6 /* [CP] Embed Pods Frameworks */,
			);
			buildRules = (
			);
			dependencies = (
			);
			name = SwiftMapKitFlickerStarter;
			productName = SwiftMapKitFlickerStarter;
			productReference = FA25E22421F5A38B0047732D /* SwiftMapKitFlickerStarter.app */;
			productType = "com.apple.product-type.application";
		};
/* End PBXNativeTarget section */

/* Begin PBXProject section */
		FA25E21C21F5A38B0047732D /* Project object */ = {
			isa = PBXProject;
			attributes = {
				LastSwiftUpdateCheck = 1010;
				LastUpgradeCheck = 1010;
				ORGANIZATIONNAME = Ahil;
				TargetAttributes = {
					FA25E22321F5A38B0047732D = {
						CreatedOnToolsVersion = 10.1;
					};
				};
			};
			buildConfigurationList = FA25E21F21F5A38B0047732D /* Build configuration list for PBXProject "SwiftMapKitFlickerStarter" */;
			compatibilityVersion = "Xcode 9.3";
			developmentRegion = en;
			hasScannedForEncodings = 0;
			knownRegions = (
				en,
				Base,
			);
			mainGroup = FA25E21B21F5A38B0047732D;
			productRefGroup = FA25E22521F5A38B0047732D /* Products */;
			projectDirPath = "";
			projectRoot = "";
			targets = (
				FA25E22321F5A38B0047732D /* SwiftMapKitFlickerStarter */,
			);
		};
/* End PBXProject section */

/* Begin PBXResourcesBuildPhase section */
		FA25E22221F5A38B0047732D /* Resources */ = {
			isa = PBXResourcesBuildPhase;
			buildActionMask = 2147483647;
			files = (
				FA25E23221F5A38D0047732D /* LaunchScreen.storyboard in Resources */,
				FA25E22F21F5A38D0047732D /* Assets.xcassets in Resources */,
				FA25E22D21F5A38B0047732D /* Main.storyboard in Resources */,
			);
			runOnlyForDeploymentPostprocessing = 0;
		};
/* End PBXResourcesBuildPhase section */

/* Begin PBXShellScriptBuildPhase section */
		09F45014A130B1CCC07D4CE8 /* [CP] Check Pods Manifest.lock */ = {
			isa = PBXShellScriptBuildPhase;
			buildActionMask = 2147483647;
			files = (
			);
			inputPaths = (
				"${PODS_PODFILE_DIR_PATH}/Podfile.lock",
				"${PODS_ROOT}/Manifest.lock",
			);
			name = "[CP] Check Pods Manifest.lock";
			outputPaths = (
				"$(DERIVED_FILE_DIR)/Pods-SwiftMapKitFlickerStarter-checkManifestLockResult.txt",
			);
			runOnlyForDeploymentPostprocessing = 0;
			shellPath = /bin/sh;
			shellScript = "diff \"${PODS_PODFILE_DIR_PATH}/Podfile.lock\" \"${PODS_ROOT}/Manifest.lock\" > /dev/null\nif [ $? != 0 ] ; then\n    # print error to STDERR\n    echo \"error: The sandbox is not in sync with the Podfile.lock. Run 'pod install' or update your CocoaPods installation.\" >&2\n    exit 1\nfi\n# This output is used by Xcode 'outputs' to avoid re-running this script phase.\necho \"SUCCESS\" > \"${SCRIPT_OUTPUT_FILE_0}\"\n";
			showEnvVarsInLog = 0;
		};
		23A21B13B28DEB3FA25B9DC6 /* [CP] Embed Pods Frameworks */ = {
			isa = PBXShellScriptBuildPhase;
			buildActionMask = 2147483647;
			files = (
			);
			inputPaths = (
				"${SRCROOT}/Pods/Target Support Files/Pods-SwiftMapKitFlickerStarter/Pods-SwiftMapKitFlickerStarter-frameworks.sh",
				"${BUILT_PRODUCTS_DIR}/Alamofire/Alamofire.framework",
				"${BUILT_PRODUCTS_DIR}/AlamofireImage/AlamofireImage.framework",
			);
			name = "[CP] Embed Pods Frameworks";
			outputPaths = (
				"${TARGET_BUILD_DIR}/${FRAMEWORKS_FOLDER_PATH}/Alamofire.framework",
				"${TARGET_BUILD_DIR}/${FRAMEWORKS_FOLDER_PATH}/AlamofireImage.framework",
			);
			runOnlyForDeploymentPostprocessing = 0;
			shellPath = /bin/sh;
			shellScript = "\"${SRCROOT}/Pods/Target Support Files/Pods-SwiftMapKitFlickerStarter/Pods-SwiftMapKitFlickerStarter-frameworks.sh\"\n";
			showEnvVarsInLog = 0;
		};
/* End PBXShellScriptBuildPhase section */

/* Begin PBXSourcesBuildPhase section */
		FA25E22021F5A38B0047732D /* Sources */ = {
			isa = PBXSourcesBuildPhase;
			buildActionMask = 2147483647;
			files = (
				FA25E22A21F5A38B0047732D /* MainMapVC.swift in Sources */,
				FA25E23D21F5D5D30047732D /* DroppablePin.swift in Sources */,
				FA25E22821F5A38B0047732D /* AppDelegate.swift in Sources */,
			);
			runOnlyForDeploymentPostprocessing = 0;
		};
/* End PBXSourcesBuildPhase section */

/* Begin PBXVariantGroup section */
		FA25E22B21F5A38B0047732D /* Main.storyboard */ = {
			isa = PBXVariantGroup;
			children = (
				FA25E22C21F5A38B0047732D /* Base */,
			);
			name = Main.storyboard;
			sourceTree = "<group>";
		};
		FA25E23021F5A38D0047732D /* LaunchScreen.storyboard */ = {
			isa = PBXVariantGroup;
			children = (
				FA25E23121F5A38D0047732D /* Base */,
			);
			name = LaunchScreen.storyboard;
			sourceTree = "<group>";
		};
/* End PBXVariantGroup section */

/* Begin XCBuildConfiguration section */
		FA25E23421F5A38D0047732D /* Debug */ = {
			isa = XCBuildConfiguration;
			buildSettings = {
				ALWAYS_SEARCH_USER_PATHS = NO;
				CLANG_ANALYZER_NONNULL = YES;
				CLANG_ANALYZER_NUMBER_OBJECT_CONVERSION = YES_AGGRESSIVE;
				CLANG_CXX_LANGUAGE_STANDARD = "gnu++14";
				CLANG_CXX_LIBRARY = "libc++";
				CLANG_ENABLE_MODULES = YES;
				CLANG_ENABLE_OBJC_ARC = YES;
				CLANG_ENABLE_OBJC_WEAK = YES;
				CLANG_WARN_BLOCK_CAPTURE_AUTORELEASING = YES;
				CLANG_WARN_BOOL_CONVERSION = YES;
				CLANG_WARN_COMMA = YES;
				CLANG_WARN_CONSTANT_CONVERSION = YES;
				CLANG_WARN_DEPRECATED_OBJC_IMPLEMENTATIONS = YES;
				CLANG_WARN_DIRECT_OBJC_ISA_USAGE = YES_ERROR;
				CLANG_WARN_DOCUMENTATION_COMMENTS = YES;
				CLANG_WARN_EMPTY_BODY = YES;
				CLANG_WARN_ENUM_CONVERSION = YES;
				CLANG_WARN_INFINITE_RECURSION = YES;
				CLANG_WARN_INT_CONVERSION = YES;
				CLANG_WARN_NON_LITERAL_NULL_CONVERSION = YES;
				CLANG_WARN_OBJC_IMPLICIT_RETAIN_SELF = YES;
				CLANG_WARN_OBJC_LITERAL_CONVERSION = YES;
				CLANG_WARN_OBJC_ROOT_CLASS = YES_ERROR;
				CLANG_WARN_RANGE_LOOP_ANALYSIS = YES;
				CLANG_WARN_STRICT_PROTOTYPES = YES;
				CLANG_WARN_SUSPICIOUS_MOVE = YES;
				CLANG_WARN_UNGUARDED_AVAILABILITY = YES_AGGRESSIVE;
				CLANG_WARN_UNREACHABLE_CODE = YES;
				CLANG_WARN__DUPLICATE_METHOD_MATCH = YES;
				CODE_SIGN_IDENTITY = "iPhone Developer";
				COPY_PHASE_STRIP = NO;
				DEBUG_INFORMATION_FORMAT = dwarf;
				ENABLE_STRICT_OBJC_MSGSEND = YES;
				ENABLE_TESTABILITY = YES;
				GCC_C_LANGUAGE_STANDARD = gnu11;
				GCC_DYNAMIC_NO_PIC = NO;
				GCC_NO_COMMON_BLOCKS = YES;
				GCC_OPTIMIZATION_LEVEL = 0;
				GCC_PREPROCESSOR_DEFINITIONS = (
					"DEBUG=1",
					"$(inherited)",
				);
				GCC_WARN_64_TO_32_BIT_CONVERSION = YES;
				GCC_WARN_ABOUT_RETURN_TYPE = YES_ERROR;
				GCC_WARN_UNDECLARED_SELECTOR = YES;
				GCC_WARN_UNINITIALIZED_AUTOS = YES_AGGRESSIVE;
				GCC_WARN_UNUSED_FUNCTION = YES;
				GCC_WARN_UNUSED_VARIABLE = YES;
				IPHONEOS_DEPLOYMENT_TARGET = 12.1;
				MTL_ENABLE_DEBUG_INFO = INCLUDE_SOURCE;
				MTL_FAST_MATH = YES;
				ONLY_ACTIVE_ARCH = YES;
				SDKROOT = iphoneos;
				SWIFT_ACTIVE_COMPILATION_CONDITIONS = DEBUG;
				SWIFT_OPTIMIZATION_LEVEL = "-Onone";
			};
			name = Debug;
		};
		FA25E23521F5A38D0047732D /* Release */ = {
			isa = XCBuildConfiguration;
			buildSettings = {
				ALWAYS_SEARCH_USER_PATHS = NO;
				CLANG_ANALYZER_NONNULL = YES;
				CLANG_ANALYZER_NUMBER_OBJECT_CONVERSION = YES_AGGRESSIVE;
				CLANG_CXX_LANGUAGE_STANDARD = "gnu++14";
				CLANG_CXX_LIBRARY = "libc++";
				CLANG_ENABLE_MODULES = YES;
				CLANG_ENABLE_OBJC_ARC = YES;
				CLANG_ENABLE_OBJC_WEAK = YES;
				CLANG_WARN_BLOCK_CAPTURE_AUTORELEASING = YES;
				CLANG_WARN_BOOL_CONVERSION = YES;
				CLANG_WARN_COMMA = YES;
				CLANG_WARN_CONSTANT_CONVERSION = YES;
				CLANG_WARN_DEPRECATED_OBJC_IMPLEMENTATIONS = YES;
				CLANG_WARN_DIRECT_OBJC_ISA_USAGE = YES_ERROR;
				CLANG_WARN_DOCUMENTATION_COMMENTS = YES;
				CLANG_WARN_EMPTY_BODY = YES;
				CLANG_WARN_ENUM_CONVERSION = YES;
				CLANG_WARN_INFINITE_RECURSION = YES;
				CLANG_WARN_INT_CONVERSION = YES;
				CLANG_WARN_NON_LITERAL_NULL_CONVERSION = YES;
				CLANG_WARN_OBJC_IMPLICIT_RETAIN_SELF = YES;
				CLANG_WARN_OBJC_LITERAL_CONVERSION = YES;
				CLANG_WARN_OBJC_ROOT_CLASS = YES_ERROR;
				CLANG_WARN_RANGE_LOOP_ANALYSIS = YES;
				CLANG_WARN_STRICT_PROTOTYPES = YES;
				CLANG_WARN_SUSPICIOUS_MOVE = YES;
				CLANG_WARN_UNGUARDED_AVAILABILITY = YES_AGGRESSIVE;
				CLANG_WARN_UNREACHABLE_CODE = YES;
				CLANG_WARN__DUPLICATE_METHOD_MATCH = YES;
				CODE_SIGN_IDENTITY = "iPhone Developer";
				COPY_PHASE_STRIP = NO;
				DEBUG_INFORMATION_FORMAT = "dwarf-with-dsym";
				ENABLE_NS_ASSERTIONS = NO;
				ENABLE_STRICT_OBJC_MSGSEND = YES;
				GCC_C_LANGUAGE_STANDARD = gnu11;
				GCC_NO_COMMON_BLOCKS = YES;
				GCC_WARN_64_TO_32_BIT_CONVERSION = YES;
				GCC_WARN_ABOUT_RETURN_TYPE = YES_ERROR;
				GCC_WARN_UNDECLARED_SELECTOR = YES;
				GCC_WARN_UNINITIALIZED_AUTOS = YES_AGGRESSIVE;
				GCC_WARN_UNUSED_FUNCTION = YES;
				GCC_WARN_UNUSED_VARIABLE = YES;
				IPHONEOS_DEPLOYMENT_TARGET = 12.1;
				MTL_ENABLE_DEBUG_INFO = NO;
				MTL_FAST_MATH = YES;
				SDKROOT = iphoneos;
				SWIFT_COMPILATION_MODE = wholemodule;
				SWIFT_OPTIMIZATION_LEVEL = "-O";
				VALIDATE_PRODUCT = YES;
			};
			name = Release;
		};
		FA25E23721F5A38D0047732D /* Debug */ = {
			isa = XCBuildConfiguration;
			baseConfigurationReference = 3CA18EE7167C71A89AA0C824 /* Pods-SwiftMapKitFlickerStarter.debug.xcconfig */;
			buildSettings = {
				ASSETCATALOG_COMPILER_APPICON_NAME = AppIcon;
				CODE_SIGN_STYLE = Automatic;
				DEVELOPMENT_TEAM = 4KNZCS3M9G;
				INFOPLIST_FILE = SwiftMapKitFlickerStarter/Info.plist;
				LD_RUNPATH_SEARCH_PATHS = (
					"$(inherited)",
					"@executable_path/Frameworks",
				);
				PRODUCT_BUNDLE_IDENTIFIER = com.ahil.ios.SwiftMapKitFlickerStarter;
				PRODUCT_NAME = "$(TARGET_NAME)";
				SWIFT_VERSION = 4.2;
				TARGETED_DEVICE_FAMILY = "1,2";
			};
			name = Debug;
		};
		FA25E23821F5A38D0047732D /* Release */ = {
			isa = XCBuildConfiguration;
			baseConfigurationReference = CC5AEB9E4B58BC767B4A05D5 /* Pods-SwiftMapKitFlickerStarter.release.xcconfig */;
			buildSettings = {
				ASSETCATALOG_COMPILER_APPICON_NAME = AppIcon;
				CODE_SIGN_STYLE = Automatic;
				DEVELOPMENT_TEAM = 4KNZCS3M9G;
				INFOPLIST_FILE = SwiftMapKitFlickerStarter/Info.plist;
				LD_RUNPATH_SEARCH_PATHS = (
					"$(inherited)",
					"@executable_path/Frameworks",
				);
				PRODUCT_BUNDLE_IDENTIFIER = com.ahil.ios.SwiftMapKitFlickerStarter;
				PRODUCT_NAME = "$(TARGET_NAME)";
				SWIFT_VERSION = 4.2;
				TARGETED_DEVICE_FAMILY = "1,2";
			};
			name = Release;
		};
/* End XCBuildConfiguration section */

/* Begin XCConfigurationList section */
		FA25E21F21F5A38B0047732D /* Build configuration list for PBXProject "SwiftMapKitFlickerStarter" */ = {
			isa = XCConfigurationList;
			buildConfigurations = (
				FA25E23421F5A38D0047732D /* Debug */,
				FA25E23521F5A38D0047732D /* Release */,
			);
			defaultConfigurationIsVisible = 0;
			defaultConfigurationName = Release;
		};
		FA25E23621F5A38D0047732D /* Build configuration list for PBXNativeTarget "SwiftMapKitFlickerStarter" */ = {
			isa = XCConfigurationList;
			buildConfigurations = (
				FA25E23721F5A38D0047732D /* Debug */,
				FA25E23821F5A38D0047732D /* Release */,
			);
			defaultConfigurationIsVisible = 0;
			defaultConfigurationName = Release;
		};
/* End XCConfigurationList section */
	};
	rootObject = FA25E21C21F5A38B0047732D /* Project object */;
}
